// !$*UTF8*$!
{
	archiveVersion = 1;
	classes = {
	};
	objectVersion = 46;
	objects = {

/* Begin PBXBuildFile section */
		0091D8F90E81B9330029341E /* OpenGL.framework in Frameworks */ = {isa = PBXBuildFile; fileRef = 0091D8F80E81B9330029341E /* OpenGL.framework */; };
		0097E3E50F3E9819005A4392 /* QuickTime.framework in Frameworks */ = {isa = PBXBuildFile; fileRef = 0097E3E40F3E9819005A4392 /* QuickTime.framework */; };
		00B784B30FF439BC000DE1D7 /* Accelerate.framework in Frameworks */ = {isa = PBXBuildFile; fileRef = 00B784AF0FF439BC000DE1D7 /* Accelerate.framework */; };
		00B784B40FF439BC000DE1D7 /* AudioToolbox.framework in Frameworks */ = {isa = PBXBuildFile; fileRef = 00B784B00FF439BC000DE1D7 /* AudioToolbox.framework */; };
		00B784B50FF439BC000DE1D7 /* AudioUnit.framework in Frameworks */ = {isa = PBXBuildFile; fileRef = 00B784B10FF439BC000DE1D7 /* AudioUnit.framework */; };
		00B784B60FF439BC000DE1D7 /* CoreAudio.framework in Frameworks */ = {isa = PBXBuildFile; fileRef = 00B784B20FF439BC000DE1D7 /* CoreAudio.framework */; };
		00BAE65A0E7ED9C10018A608 /* pixelgameApp.cpp in Sources */ = {isa = PBXBuildFile; fileRef = 00BAE6590E7ED9C10018A608 /* pixelgameApp.cpp */; };
		00CCAF15116A9FEE008396D5 /* CinderApp.icns in Resources */ = {isa = PBXBuildFile; fileRef = 00CCAF14116A9FEE008396D5 /* CinderApp.icns */; };
		012228C518192854005453E6 /* PixelMain_Intro.cpp in Sources */ = {isa = PBXBuildFile; fileRef = 012228C318192854005453E6 /* PixelMain_Intro.cpp */; };
		012228C818192889005453E6 /* PixelMain_Game.cpp in Sources */ = {isa = PBXBuildFile; fileRef = 012228C618192888005453E6 /* PixelMain_Game.cpp */; };
		012228CF181AAA29005453E6 /* PixelMain_Menu.cpp in Sources */ = {isa = PBXBuildFile; fileRef = 012228CD181AAA29005453E6 /* PixelMain_Menu.cpp */; };
		012228DA181E4DF6005453E6 /* PixelMain_Game_p1.cpp in Sources */ = {isa = PBXBuildFile; fileRef = 012228D8181E4DF6005453E6 /* PixelMain_Game_p1.cpp */; };
		012228E0181E4E28005453E6 /* PixelMain_Game_vs.cpp in Sources */ = {isa = PBXBuildFile; fileRef = 012228DE181E4E27005453E6 /* PixelMain_Game_vs.cpp */; };
		012228E3181E5065005453E6 /* PixelMain_Game_p2.cpp in Sources */ = {isa = PBXBuildFile; fileRef = 012228E1181E5065005453E6 /* PixelMain_Game_p2.cpp */; };
		01E86C0A18001D76009C6D95 /* PixelShared in Resources */ = {isa = PBXBuildFile; fileRef = 01E86C0918001D76009C6D95 /* PixelShared */; };
		01E86C18180037D1009C6D95 /* PixelMain.cpp in Sources */ = {isa = PBXBuildFile; fileRef = 01E86C17180037D1009C6D95 /* PixelMain.cpp */; };
		01E86C21180094AB009C6D95 /* Hero.cpp in Sources */ = {isa = PBXBuildFile; fileRef = 01E86C20180094AB009C6D95 /* Hero.cpp */; };
		5323E6B20EAFCA74003A9687 /* CoreVideo.framework in Frameworks */ = {isa = PBXBuildFile; fileRef = 5323E6B10EAFCA74003A9687 /* CoreVideo.framework */; };
		5323E6B60EAFCA7E003A9687 /* QTKit.framework in Frameworks */ = {isa = PBXBuildFile; fileRef = 5323E6B50EAFCA7E003A9687 /* QTKit.framework */; };
		53E3CDFC0E86099300238D2B /* Carbon.framework in Frameworks */ = {isa = PBXBuildFile; fileRef = 53E3CDFB0E86099300238D2B /* Carbon.framework */; };
		8D11072F0486CEB800E47090 /* Cocoa.framework in Frameworks */ = {isa = PBXBuildFile; fileRef = 1058C7A1FEA54F0111CA2CBB /* Cocoa.framework */; };
/* End PBXBuildFile section */

/* Begin PBXFileReference section */
		0091D8F80E81B9330029341E /* OpenGL.framework */ = {isa = PBXFileReference; lastKnownFileType = wrapper.framework; name = OpenGL.framework; path = /System/Library/Frameworks/OpenGL.framework; sourceTree = "<absolute>"; };
		0097E3E40F3E9819005A4392 /* QuickTime.framework */ = {isa = PBXFileReference; lastKnownFileType = wrapper.framework; name = QuickTime.framework; path = /System/Library/Frameworks/QuickTime.framework; sourceTree = "<absolute>"; };
		00B784AF0FF439BC000DE1D7 /* Accelerate.framework */ = {isa = PBXFileReference; lastKnownFileType = wrapper.framework; name = Accelerate.framework; path = System/Library/Frameworks/Accelerate.framework; sourceTree = SDKROOT; };
		00B784B00FF439BC000DE1D7 /* AudioToolbox.framework */ = {isa = PBXFileReference; lastKnownFileType = wrapper.framework; name = AudioToolbox.framework; path = System/Library/Frameworks/AudioToolbox.framework; sourceTree = SDKROOT; };
		00B784B10FF439BC000DE1D7 /* AudioUnit.framework */ = {isa = PBXFileReference; lastKnownFileType = wrapper.framework; name = AudioUnit.framework; path = System/Library/Frameworks/AudioUnit.framework; sourceTree = SDKROOT; };
		00B784B20FF439BC000DE1D7 /* CoreAudio.framework */ = {isa = PBXFileReference; lastKnownFileType = wrapper.framework; name = CoreAudio.framework; path = System/Library/Frameworks/CoreAudio.framework; sourceTree = SDKROOT; };
		00BAE6590E7ED9C10018A608 /* pixelgameApp.cpp */ = {isa = PBXFileReference; fileEncoding = 4; lastKnownFileType = sourcecode.cpp.cpp; name = pixelgameApp.cpp; path = ../src/pixelgameApp.cpp; sourceTree = SOURCE_ROOT; };
		00CCAF14116A9FEE008396D5 /* CinderApp.icns */ = {isa = PBXFileReference; lastKnownFileType = image.icns; name = CinderApp.icns; path = ../resources/CinderApp.icns; sourceTree = SOURCE_ROOT; };
		012228B818103D32005453E6 /* Blood.h */ = {isa = PBXFileReference; lastKnownFileType = sourcecode.c.h; name = Blood.h; path = ../../../../../Arduino/libraries/PixelShared/Blood.h; sourceTree = "<group>"; };
		012228BC1813FD56005453E6 /* Live.h */ = {isa = PBXFileReference; lastKnownFileType = sourcecode.c.h; name = Live.h; path = ../../../../../Arduino/libraries/PixelShared/Live.h; sourceTree = "<group>"; };
		012228BD18151E4C005453E6 /* Vector.h */ = {isa = PBXFileReference; lastKnownFileType = sourcecode.c.h; name = Vector.h; path = ../../../../../Arduino/libraries/PixelShared/Vector.h; sourceTree = "<group>"; };
		012228BE1816B515005453E6 /* SpecialAttack.h */ = {isa = PBXFileReference; lastKnownFileType = sourcecode.c.h; name = SpecialAttack.h; path = ../../../../../Arduino/libraries/PixelShared/SpecialAttack.h; sourceTree = "<group>"; };
		012228C318192854005453E6 /* PixelMain_Intro.cpp */ = {isa = PBXFileReference; fileEncoding = 4; lastKnownFileType = sourcecode.cpp.cpp; name = PixelMain_Intro.cpp; path = ../../../../../Arduino/libraries/PixelShared/PixelMain_Intro.cpp; sourceTree = "<group>"; };
		012228C618192888005453E6 /* PixelMain_Game.cpp */ = {isa = PBXFileReference; fileEncoding = 4; lastKnownFileType = sourcecode.cpp.cpp; name = PixelMain_Game.cpp; path = ../../../../../Arduino/libraries/PixelShared/PixelMain_Game.cpp; sourceTree = "<group>"; };
		012228CC181A598A005453E6 /* Star.h */ = {isa = PBXFileReference; lastKnownFileType = sourcecode.c.h; name = Star.h; path = ../../../../../Arduino/libraries/PixelShared/Star.h; sourceTree = "<group>"; };
		012228CD181AAA29005453E6 /* PixelMain_Menu.cpp */ = {isa = PBXFileReference; fileEncoding = 4; lastKnownFileType = sourcecode.cpp.cpp; name = PixelMain_Menu.cpp; path = ../../../../../Arduino/libraries/PixelShared/PixelMain_Menu.cpp; sourceTree = "<group>"; };
		012228D4181B7F39005453E6 /* SpaceShip.h */ = {isa = PBXFileReference; lastKnownFileType = sourcecode.c.h; name = SpaceShip.h; path = ../../../../../Arduino/libraries/PixelShared/SpaceShip.h; sourceTree = "<group>"; };
		012228D8181E4DF6005453E6 /* PixelMain_Game_p1.cpp */ = {isa = PBXFileReference; fileEncoding = 4; lastKnownFileType = sourcecode.cpp.cpp; name = PixelMain_Game_p1.cpp; path = ../../../../../Arduino/libraries/PixelShared/PixelMain_Game_p1.cpp; sourceTree = "<group>"; };
		012228DE181E4E27005453E6 /* PixelMain_Game_vs.cpp */ = {isa = PBXFileReference; fileEncoding = 4; lastKnownFileType = sourcecode.cpp.cpp; name = PixelMain_Game_vs.cpp; path = ../../../../../Arduino/libraries/PixelShared/PixelMain_Game_vs.cpp; sourceTree = "<group>"; };
		012228E1181E5065005453E6 /* PixelMain_Game_p2.cpp */ = {isa = PBXFileReference; fileEncoding = 4; lastKnownFileType = sourcecode.cpp.cpp; name = PixelMain_Game_p2.cpp; path = ../../../../../Arduino/libraries/PixelShared/PixelMain_Game_p2.cpp; sourceTree = "<group>"; };
		012228E4181E77A2005453E6 /* DecorSprite.h */ = {isa = PBXFileReference; lastKnownFileType = sourcecode.c.h; name = DecorSprite.h; path = ../../../../../Arduino/libraries/PixelShared/DecorSprite.h; sourceTree = "<group>"; };
		012228E5181EA90B005453E6 /* Alien.h */ = {isa = PBXFileReference; lastKnownFileType = sourcecode.c.h; name = Alien.h; path = ../../../../../Arduino/libraries/PixelShared/Alien.h; sourceTree = "<group>"; };
		012228E6181ECB8D005453E6 /* npRect.h */ = {isa = PBXFileReference; lastKnownFileType = sourcecode.c.h; name = npRect.h; path = ../../../../../Arduino/libraries/PixelShared/npRect.h; sourceTree = "<group>"; };
		012228E7181FBF45005453E6 /* Live.h */ = {isa = PBXFileReference; lastKnownFileType = sourcecode.c.h; name = Live.h; path = ../../../../../Arduino/libraries/PixelShared/Live.h; sourceTree = "<group>"; };
		0125B8C9183CA91600E42AD0 /* SoundPlayer.h */ = {isa = PBXFileReference; lastKnownFileType = sourcecode.c.h; path = SoundPlayer.h; sourceTree = "<group>"; };
		016BACC118250E9400CB2BCD /* Alien1.h */ = {isa = PBXFileReference; lastKnownFileType = sourcecode.c.h; name = Alien1.h; path = ../../../../../Arduino/libraries/PixelShared/Alien1.h; sourceTree = "<group>"; };
		016BACED1827939D00CB2BCD /* Alien2.h */ = {isa = PBXFileReference; lastKnownFileType = sourcecode.c.h; name = Alien2.h; path = ../../../../../Arduino/libraries/PixelShared/Alien2.h; sourceTree = "<group>"; };
		016BACEF1827959600CB2BCD /* Alien3.h */ = {isa = PBXFileReference; lastKnownFileType = sourcecode.c.h; name = Alien3.h; path = ../../../../../Arduino/libraries/PixelShared/Alien3.h; sourceTree = "<group>"; };
		016BACF118279C7200CB2BCD /* AlienPond.h */ = {isa = PBXFileReference; lastKnownFileType = sourcecode.c.h; name = AlienPond.h; path = ../../../../../Arduino/libraries/PixelShared/AlienPond.h; sourceTree = "<group>"; };
		016BACF81828EDFE00CB2BCD /* GameOverText.h */ = {isa = PBXFileReference; lastKnownFileType = sourcecode.c.h; name = GameOverText.h; path = ../../../../../Arduino/libraries/PixelShared/GameOverText.h; sourceTree = "<group>"; };
		0181595017DDBFC800C44766 /* PixelRenderer.h */ = {isa = PBXFileReference; lastKnownFileType = sourcecode.c.h; path = PixelRenderer.h; sourceTree = "<group>"; };
		01E57FFA1839F51C00119325 /* WaterSplash.h */ = {isa = PBXFileReference; lastKnownFileType = sourcecode.c.h; name = WaterSplash.h; path = ../../../../../Arduino/libraries/PixelShared/WaterSplash.h; sourceTree = "<group>"; };
		01E86C0918001D76009C6D95 /* PixelShared */ = {isa = PBXFileReference; lastKnownFileType = folder; name = PixelShared; path = ../../../../../Arduino/libraries/PixelShared; sourceTree = "<group>"; };
		01E86C17180037D1009C6D95 /* PixelMain.cpp */ = {isa = PBXFileReference; lastKnownFileType = sourcecode.cpp.cpp; name = PixelMain.cpp; path = ../../../../../Arduino/libraries/PixelShared/PixelMain.cpp; sourceTree = "<group>"; };
		01E86C20180094AB009C6D95 /* Hero.cpp */ = {isa = PBXFileReference; lastKnownFileType = sourcecode.cpp.cpp; name = Hero.cpp; path = ../../../../../Arduino/libraries/PixelShared/Hero.cpp; sourceTree = "<group>"; };
		01E86C22180695DD009C6D95 /* PixelGameInclude.h */ = {isa = PBXFileReference; lastKnownFileType = sourcecode.c.h; path = PixelGameInclude.h; sourceTree = "<group>"; };
		1058C7A1FEA54F0111CA2CBB /* Cocoa.framework */ = {isa = PBXFileReference; lastKnownFileType = wrapper.framework; name = Cocoa.framework; path = /System/Library/Frameworks/Cocoa.framework; sourceTree = "<absolute>"; };
		13E42FB307B3F0F600E4EEF1 /* CoreData.framework */ = {isa = PBXFileReference; lastKnownFileType = wrapper.framework; name = CoreData.framework; path = /System/Library/Frameworks/CoreData.framework; sourceTree = "<absolute>"; };
		29B97324FDCFA39411CA2CEA /* AppKit.framework */ = {isa = PBXFileReference; lastKnownFileType = wrapper.framework; name = AppKit.framework; path = /System/Library/Frameworks/AppKit.framework; sourceTree = "<absolute>"; };
		29B97325FDCFA39411CA2CEA /* Foundation.framework */ = {isa = PBXFileReference; lastKnownFileType = wrapper.framework; name = Foundation.framework; path = /System/Library/Frameworks/Foundation.framework; sourceTree = "<absolute>"; };
		32CA4F630368D1EE00C91783 /* PixelGameLocal_Prefix.pch */ = {isa = PBXFileReference; fileEncoding = 4; lastKnownFileType = sourcecode.c.h; path = PixelGameLocal_Prefix.pch; sourceTree = "<group>"; };
		5323E6B10EAFCA74003A9687 /* CoreVideo.framework */ = {isa = PBXFileReference; lastKnownFileType = wrapper.framework; name = CoreVideo.framework; path = /System/Library/Frameworks/CoreVideo.framework; sourceTree = "<absolute>"; };
		5323E6B50EAFCA7E003A9687 /* QTKit.framework */ = {isa = PBXFileReference; lastKnownFileType = wrapper.framework; name = QTKit.framework; path = /System/Library/Frameworks/QTKit.framework; sourceTree = "<absolute>"; };
		53E3CDFB0E86099300238D2B /* Carbon.framework */ = {isa = PBXFileReference; lastKnownFileType = wrapper.framework; name = Carbon.framework; path = /System/Library/Frameworks/Carbon.framework; sourceTree = "<absolute>"; };
		8D1107310486CEB800E47090 /* Info.plist */ = {isa = PBXFileReference; fileEncoding = 4; lastKnownFileType = text.plist.xml; path = Info.plist; sourceTree = "<group>"; };
		8D1107320486CEB800E47090 /* PixelGameLocal.app */ = {isa = PBXFileReference; explicitFileType = wrapper.application; includeInIndex = 0; path = PixelGameLocal.app; sourceTree = BUILT_PRODUCTS_DIR; };
/* End PBXFileReference section */

/* Begin PBXFrameworksBuildPhase section */
		8D11072E0486CEB800E47090 /* Frameworks */ = {
			isa = PBXFrameworksBuildPhase;
			buildActionMask = 2147483647;
			files = (
				8D11072F0486CEB800E47090 /* Cocoa.framework in Frameworks */,
				0091D8F90E81B9330029341E /* OpenGL.framework in Frameworks */,
				53E3CDFC0E86099300238D2B /* Carbon.framework in Frameworks */,
				5323E6B20EAFCA74003A9687 /* CoreVideo.framework in Frameworks */,
				5323E6B60EAFCA7E003A9687 /* QTKit.framework in Frameworks */,
				0097E3E50F3E9819005A4392 /* QuickTime.framework in Frameworks */,
				00B784B30FF439BC000DE1D7 /* Accelerate.framework in Frameworks */,
				00B784B40FF439BC000DE1D7 /* AudioToolbox.framework in Frameworks */,
				00B784B50FF439BC000DE1D7 /* AudioUnit.framework in Frameworks */,
				00B784B60FF439BC000DE1D7 /* CoreAudio.framework in Frameworks */,
			);
			runOnlyForDeploymentPostprocessing = 0;
		};
/* End PBXFrameworksBuildPhase section */

/* Begin PBXGroup section */
		080E96DDFE201D6D7F000001 /* Source */ = {
			isa = PBXGroup;
			children = (
				01E86C0918001D76009C6D95 /* PixelShared */,
				00BAE6590E7ED9C10018A608 /* pixelgameApp.cpp */,
				01E86C22180695DD009C6D95 /* PixelGameInclude.h */,
				0181595017DDBFC800C44766 /* PixelRenderer.h */,
			);
			name = Source;
			sourceTree = "<group>";
		};
		1058C7A0FEA54F0111CA2CBB /* Linked Frameworks */ = {
			isa = PBXGroup;
			children = (
				00B784AF0FF439BC000DE1D7 /* Accelerate.framework */,
				00B784B00FF439BC000DE1D7 /* AudioToolbox.framework */,
				00B784B10FF439BC000DE1D7 /* AudioUnit.framework */,
				00B784B20FF439BC000DE1D7 /* CoreAudio.framework */,
				0097E3E40F3E9819005A4392 /* QuickTime.framework */,
				5323E6B50EAFCA7E003A9687 /* QTKit.framework */,
				5323E6B10EAFCA74003A9687 /* CoreVideo.framework */,
				53E3CDFB0E86099300238D2B /* Carbon.framework */,
				0091D8F80E81B9330029341E /* OpenGL.framework */,
				1058C7A1FEA54F0111CA2CBB /* Cocoa.framework */,
			);
			name = "Linked Frameworks";
			sourceTree = "<group>";
		};
		1058C7A2FEA54F0111CA2CBB /* Other Frameworks */ = {
			isa = PBXGroup;
			children = (
				29B97324FDCFA39411CA2CEA /* AppKit.framework */,
				13E42FB307B3F0F600E4EEF1 /* CoreData.framework */,
				29B97325FDCFA39411CA2CEA /* Foundation.framework */,
			);
			name = "Other Frameworks";
			sourceTree = "<group>";
		};
		19C28FACFE9D520D11CA2CBB /* Products */ = {
			isa = PBXGroup;
			children = (
				8D1107320486CEB800E47090 /* PixelGameLocal.app */,
			);
			name = Products;
			sourceTree = "<group>";
		};
		29B97314FDCFA39411CA2CEA /* pixelgame */ = {
			isa = PBXGroup;
			children = (
				0125B8C9183CA91600E42AD0 /* SoundPlayer.h */,
				01E57FFA1839F51C00119325 /* WaterSplash.h */,
				016BACF81828EDFE00CB2BCD /* GameOverText.h */,
				016BACF118279C7200CB2BCD /* AlienPond.h */,
				016BACEF1827959600CB2BCD /* Alien3.h */,
				016BACED1827939D00CB2BCD /* Alien2.h */,
				016BACC118250E9400CB2BCD /* Alien1.h */,
				012228E7181FBF45005453E6 /* Live.h */,
				012228E6181ECB8D005453E6 /* npRect.h */,
				012228E5181EA90B005453E6 /* Alien.h */,
				012228E4181E77A2005453E6 /* DecorSprite.h */,
				012228DE181E4E27005453E6 /* PixelMain_Game_vs.cpp */,
				012228E1181E5065005453E6 /* PixelMain_Game_p2.cpp */,
				012228D8181E4DF6005453E6 /* PixelMain_Game_p1.cpp */,
				012228D4181B7F39005453E6 /* SpaceShip.h */,
				012228CD181AAA29005453E6 /* PixelMain_Menu.cpp */,
				012228CC181A598A005453E6 /* Star.h */,
				012228C618192888005453E6 /* PixelMain_Game.cpp */,
				012228C318192854005453E6 /* PixelMain_Intro.cpp */,
				012228BE1816B515005453E6 /* SpecialAttack.h */,
				012228BD18151E4C005453E6 /* Vector.h */,
				012228BC1813FD56005453E6 /* Live.h */,
				012228B818103D32005453E6 /* Blood.h */,
				01E86C20180094AB009C6D95 /* Hero.cpp */,
				01E86C17180037D1009C6D95 /* PixelMain.cpp */,
				29B97315FDCFA39411CA2CEA /* Headers */,
				080E96DDFE201D6D7F000001 /* Source */,
				29B97317FDCFA39411CA2CEA /* Resources */,
				29B97323FDCFA39411CA2CEA /* Frameworks */,
				19C28FACFE9D520D11CA2CBB /* Products */,
			);
			name = pixelgame;
			sourceTree = "<group>";
		};
		29B97315FDCFA39411CA2CEA /* Headers */ = {
			isa = PBXGroup;
			children = (
				32CA4F630368D1EE00C91783 /* PixelGameLocal_Prefix.pch */,
			);
			name = Headers;
			sourceTree = "<group>";
		};
		29B97317FDCFA39411CA2CEA /* Resources */ = {
			isa = PBXGroup;
			children = (
				00CCAF14116A9FEE008396D5 /* CinderApp.icns */,
				8D1107310486CEB800E47090 /* Info.plist */,
			);
			name = Resources;
			sourceTree = "<group>";
		};
		29B97323FDCFA39411CA2CEA /* Frameworks */ = {
			isa = PBXGroup;
			children = (
				1058C7A0FEA54F0111CA2CBB /* Linked Frameworks */,
				1058C7A2FEA54F0111CA2CBB /* Other Frameworks */,
			);
			name = Frameworks;
			sourceTree = "<group>";
		};
/* End PBXGroup section */

/* Begin PBXNativeTarget section */
		8D1107260486CEB800E47090 /* PixelGameLocal */ = {
			isa = PBXNativeTarget;
			buildConfigurationList = C01FCF4A08A954540054247B /* Build configuration list for PBXNativeTarget "PixelGameLocal" */;
			buildPhases = (
				8D1107290486CEB800E47090 /* Resources */,
				8D11072C0486CEB800E47090 /* Sources */,
				8D11072E0486CEB800E47090 /* Frameworks */,
			);
			buildRules = (
			);
			dependencies = (
			);
			name = PixelGameLocal;
			productInstallPath = "$(HOME)/Applications";
			productName = pixelgame;
			productReference = 8D1107320486CEB800E47090 /* PixelGameLocal.app */;
			productType = "com.apple.product-type.application";
		};
/* End PBXNativeTarget section */

/* Begin PBXProject section */
		29B97313FDCFA39411CA2CEA /* Project object */ = {
			isa = PBXProject;
			buildConfigurationList = C01FCF4E08A954540054247B /* Build configuration list for PBXProject "PixelGameLocal" */;
			compatibilityVersion = "Xcode 3.2";
			developmentRegion = English;
			hasScannedForEncodings = 1;
			knownRegions = (
				en,
			);
			mainGroup = 29B97314FDCFA39411CA2CEA /* pixelgame */;
			projectDirPath = "";
			projectRoot = "";
			targets = (
				8D1107260486CEB800E47090 /* PixelGameLocal */,
			);
		};
/* End PBXProject section */

/* Begin PBXResourcesBuildPhase section */
		8D1107290486CEB800E47090 /* Resources */ = {
			isa = PBXResourcesBuildPhase;
			buildActionMask = 2147483647;
			files = (
				00CCAF15116A9FEE008396D5 /* CinderApp.icns in Resources */,
				01E86C0A18001D76009C6D95 /* PixelShared in Resources */,
			);
			runOnlyForDeploymentPostprocessing = 0;
		};
/* End PBXResourcesBuildPhase section */

/* Begin PBXSourcesBuildPhase section */
		8D11072C0486CEB800E47090 /* Sources */ = {
			isa = PBXSourcesBuildPhase;
			buildActionMask = 2147483647;
			files = (
				01E86C21180094AB009C6D95 /* Hero.cpp in Sources */,
				01E86C18180037D1009C6D95 /* PixelMain.cpp in Sources */,
				00BAE65A0E7ED9C10018A608 /* pixelgameApp.cpp in Sources */,
				012228C518192854005453E6 /* PixelMain_Intro.cpp in Sources */,
				012228C818192889005453E6 /* PixelMain_Game.cpp in Sources */,
				012228CF181AAA29005453E6 /* PixelMain_Menu.cpp in Sources */,
				012228DA181E4DF6005453E6 /* PixelMain_Game_p1.cpp in Sources */,
				012228E0181E4E28005453E6 /* PixelMain_Game_vs.cpp in Sources */,
				012228E3181E5065005453E6 /* PixelMain_Game_p2.cpp in Sources */,
			);
			runOnlyForDeploymentPostprocessing = 0;
		};
/* End PBXSourcesBuildPhase section */

/* Begin XCBuildConfiguration section */
		C01FCF4B08A954540054247B /* Debug */ = {
			isa = XCBuildConfiguration;
			buildSettings = {
				CINDER_GAME = true;
				COPY_PHASE_STRIP = NO;
				GCC_DYNAMIC_NO_PIC = NO;
				GCC_INLINES_ARE_PRIVATE_EXTERN = NO;
				GCC_MODEL_TUNING = G5;
				GCC_OPTIMIZATION_LEVEL = 0;
				GCC_PRECOMPILE_PREFIX_HEADER = YES;
				GCC_PREFIX_HEADER = PixelGameLocal_Prefix.pch;
				GCC_SYMBOLS_PRIVATE_EXTERN = NO;
				INFOPLIST_FILE = Info.plist;
				INSTALL_PATH = "$(HOME)/Applications";
				OTHER_LDFLAGS = "\"$(CINDER_PATH)/lib/libcinder_d.a\"";
				PRODUCT_NAME = PixelGameLocal;
				USER_HEADER_SEARCH_PATHS = "\"$(CINDER_PATH)/include\" ../include /Users/kris/Documents/Arduino/libraries/PixelShared";
				WRAPPER_EXTENSION = app;
			};
			name = Debug;
		};
		C01FCF4C08A954540054247B /* Release */ = {
			isa = XCBuildConfiguration;
			buildSettings = {
				CINDER_GAME = true;
				DEAD_CODE_STRIPPING = YES;
				DEBUG_INFORMATION_FORMAT = "dwarf-with-dsym";
				GCC_FAST_MATH = YES;
				GCC_GENERATE_DEBUGGING_SYMBOLS = NO;
				GCC_INLINES_ARE_PRIVATE_EXTERN = NO;
				GCC_MODEL_TUNING = G5;
				GCC_OPTIMIZATION_LEVEL = 3;
				GCC_PRECOMPILE_PREFIX_HEADER = YES;
				GCC_PREFIX_HEADER = PixelGameLocal_Prefix.pch;
				GCC_SYMBOLS_PRIVATE_EXTERN = NO;
				INFOPLIST_FILE = Info.plist;
				INSTALL_PATH = "$(HOME)/Applications";
				OTHER_LDFLAGS = "\"$(CINDER_PATH)/lib/libcinder.a\"";
				PRODUCT_NAME = PixelGameLocal;
				STRIP_INSTALLED_PRODUCT = YES;
				USER_HEADER_SEARCH_PATHS = "\"$(CINDER_PATH)/include\" ../include /Users/kris/Documents/Arduino/libraries/PixelShared";
				WRAPPER_EXTENSION = app;
			};
			name = Release;
		};
		C01FCF4F08A954540054247B /* Debug */ = {
			isa = XCBuildConfiguration;
			buildSettings = {
				ALWAYS_SEARCH_USER_PATHS = NO;
				ARCHS = i386;
				CINDER_PATH = ../../../..;
				GCC_WARN_ABOUT_RETURN_TYPE = YES;
				GCC_WARN_UNUSED_VARIABLE = YES;
				HEADER_SEARCH_PATHS = "\"$(CINDER_PATH)/boost\"";
				MACOSX_DEPLOYMENT_TARGET = 10.5;
				SDKROOT = macosx;
				USER_HEADER_SEARCH_PATHS = "\"$(CINDER_PATH)/include\" ../include /Users/kris/Documents/Arduino/libraries/PixelShared";
			};
			name = Debug;
		};
		C01FCF5008A954540054247B /* Release */ = {
			isa = XCBuildConfiguration;
			buildSettings = {
				ALWAYS_SEARCH_USER_PATHS = NO;
				ARCHS = i386;
				CINDER_PATH = ../../../..;
				GCC_WARN_ABOUT_RETURN_TYPE = YES;
				GCC_WARN_UNUSED_VARIABLE = YES;
				HEADER_SEARCH_PATHS = "\"$(CINDER_PATH)/boost\"";
				MACOSX_DEPLOYMENT_TARGET = 10.5;
				SDKROOT = macosx;
				USER_HEADER_SEARCH_PATHS = "\"$(CINDER_PATH)/include\" ../include /Users/kris/Documents/Arduino/libraries/PixelShared";
			};
			name = Release;
		};
/* End XCBuildConfiguration section */

/* Begin XCConfigurationList section */
		C01FCF4A08A954540054247B /* Build configuration list for PBXNativeTarget "PixelGameLocal" */ = {
			isa = XCConfigurationList;
			buildConfigurations = (
				C01FCF4B08A954540054247B /* Debug */,
				C01FCF4C08A954540054247B /* Release */,
			);
			defaultConfigurationIsVisible = 0;
			defaultConfigurationName = Release;
		};
		C01FCF4E08A954540054247B /* Build configuration list for PBXProject "PixelGameLocal" */ = {
			isa = XCConfigurationList;
			buildConfigurations = (
				C01FCF4F08A954540054247B /* Debug */,
				C01FCF5008A954540054247B /* Release */,
			);
			defaultConfigurationIsVisible = 0;
			defaultConfigurationName = Release;
		};
/* End XCConfigurationList section */
	};
	rootObject = 29B97313FDCFA39411CA2CEA /* Project object */;
}
